
Microsoft Visual Studio Solution File, Format Version 12.00
# Visual Studio 2013
Project("{8BC9CEB8-8B4A-11D0-8D11-00A0C91BC942}") = "ZeroMQClient", "ZeroMQClient.vcxproj", "{352698E1-0C61-4747-BB3D-E3F8F590E766}"
EndProject
Global
	GlobalSection(SolutionConfigurationPlatforms) = preSolution
		Debug|x64 = Debug|x64
		Release|x64 = Release|x64
	EndGlobalSection
	GlobalSection(ProjectConfigurationPlatforms) = postSolution
		{352698E1-0C61-4747-BB3D-E3F8F590E766}.Debug|x64.ActiveCfg = Debug|x64
		{352698E1-0C61-4747-BB3D-E3F8F590E766}.Debug|x64.Build.0 = Debug|x64
		{352698E1-0C61-4747-BB3D-E3F8F590E766}.Release|x64.ActiveCfg = Release|x64
		{352698E1-0C61-4747-BB3D-E3F8F590E766}.Release|x64.Build.0 = Release|x64
	EndGlobalSection
	GlobalSection(SolutionProperties) = preSolution
		HideSolutionNode = FALSE
	EndGlobalSection
EndGlobal
